
Microsoft Visual Studio Solution File, Format Version 12.00
# Visual Studio Version 17
VisualStudioVersion = 17.0.32126.317
MinimumVisualStudioVersion = 10.0.40219.1
Project("{9A19103F-16F7-4668-BE54-9A1E7A4F7556}") = "CVProfile", "CVProfile\CVProfile.csproj", "{F3CBA558-8B04-46EE-A4C3-8610CCBA33CA}"
EndProject
Project("{9A19103F-16F7-4668-BE54-9A1E7A4F7556}") = "DataLayer", "DataLayer\DataLayer.csproj", "{835B36EC-997A-425B-BDBE-66F01D62DF38}"
EndProject
Project("{9A19103F-16F7-4668-BE54-9A1E7A4F7556}") = "CoreLayer", "CoreLayer\CoreLayer.csproj", "{CBF141FE-214C-4002-85CD-B67874ABE293}"
EndProject
Project("{FAE04EC0-301F-11D3-BF4B-00C04F79EFBC}") = "TestProject", "TestProject\TestProject.csproj", "{5CA70D5B-4390-49F4-B405-309F4BFB5E91}"
EndProject
Global
	GlobalSection(SolutionConfigurationPlatforms) = preSolution
		Debug|Any CPU = Debug|Any CPU
		Release|Any CPU = Release|Any CPU
	EndGlobalSection
	GlobalSection(ProjectConfigurationPlatforms) = postSolution
		{F3CBA558-8B04-46EE-A4C3-8610CCBA33CA}.Debug|Any CPU.ActiveCfg = Debug|Any CPU
		{F3CBA558-8B04-46EE-A4C3-8610CCBA33CA}.Debug|Any CPU.Build.0 = Debug|Any CPU
		{F3CBA558-8B04-46EE-A4C3-8610CCBA33CA}.Release|Any CPU.ActiveCfg = Release|Any CPU
		{F3CBA558-8B04-46EE-A4C3-8610CCBA33CA}.Release|Any CPU.Build.0 = Release|Any CPU
		{835B36EC-997A-425B-BDBE-66F01D62DF38}.Debug|Any CPU.ActiveCfg = Debug|Any CPU
		{835B36EC-997A-425B-BDBE-66F01D62DF38}.Debug|Any CPU.Build.0 = Debug|Any CPU
		{835B36EC-997A-425B-BDBE-66F01D62DF38}.Release|Any CPU.ActiveCfg = Release|Any CPU
		{835B36EC-997A-425B-BDBE-66F01D62DF38}.Release|Any CPU.Build.0 = Release|Any CPU
		{CBF141FE-214C-4002-85CD-B67874ABE293}.Debug|Any CPU.ActiveCfg = Debug|Any CPU
		{CBF141FE-214C-4002-85CD-B67874ABE293}.Debug|Any CPU.Build.0 = Debug|Any CPU
		{CBF141FE-214C-4002-85CD-B67874ABE293}.Release|Any CPU.ActiveCfg = Release|Any CPU
		{CBF141FE-214C-4002-85CD-B67874ABE293}.Release|Any CPU.Build.0 = Release|Any CPU
		{5CA70D5B-4390-49F4-B405-309F4BFB5E91}.Debug|Any CPU.ActiveCfg = Debug|Any CPU
		{5CA70D5B-4390-49F4-B405-309F4BFB5E91}.Debug|Any CPU.Build.0 = Debug|Any CPU
		{5CA70D5B-4390-49F4-B405-309F4BFB5E91}.Release|Any CPU.ActiveCfg = Release|Any CPU
		{5CA70D5B-4390-49F4-B405-309F4BFB5E91}.Release|Any CPU.Build.0 = Release|Any CPU
	EndGlobalSection
	GlobalSection(SolutionProperties) = preSolution
		HideSolutionNode = FALSE
	EndGlobalSection
	GlobalSection(ExtensibilityGlobals) = postSolution
		SolutionGuid = {94A4D93F-2BD6-444E-967F-E75D55F3C663}
	EndGlobalSection
EndGlobal
